// !$*UTF8*$!
{
	archiveVersion = 1;
	classes = {
	};
	objectVersion = 77;
	objects = {

/* Begin PBXContainerItemProxy section */
		D0BB7AF52EB51A2A0066D88B /* PBXContainerItemProxy */ = {
			isa = PBXContainerItemProxy;
			containerPortal = D0BB7ADF2EB51A290066D88B /* Project object */;
			proxyType = 1;
			remoteGlobalIDString = D0BB7AE62EB51A290066D88B;
			remoteInfo = "wordchef-ios";
		};
		D0BB7AFF2EB51A2A0066D88B /* PBXContainerItemProxy */ = {
			isa = PBXContainerItemProxy;
			containerPortal = D0BB7ADF2EB51A290066D88B /* Project object */;
			proxyType = 1;
			remoteGlobalIDString = D0BB7AE62EB51A290066D88B;
			remoteInfo = "wordchef-ios";
		};
/* End PBXContainerItemProxy section */

/* Begin PBXFileReference section */
		D0BB7AE72EB51A290066D88B /* wordchef-ios.app */ = {isa = PBXFileReference; explicitFileType = wrapper.application; includeInIndex = 0; path = "wordchef-ios.app"; sourceTree = BUILT_PRODUCTS_DIR; };
		D0BB7AF42EB51A2A0066D88B /* wordchef-iosTests.xctest */ = {isa = PBXFileReference; explicitFileType = wrapper.cfbundle; includeInIndex = 0; path = "wordchef-iosTests.xctest"; sourceTree = BUILT_PRODUCTS_DIR; };
		D0BB7AFE2EB51A2A0066D88B /* wordchef-iosUITests.xctest */ = {isa = PBXFileReference; explicitFileType = wrapper.cfbundle; includeInIndex = 0; path = "wordchef-iosUITests.xctest"; sourceTree = BUILT_PRODUCTS_DIR; };
/* End PBXFileReference section */

/* Begin PBXFileSystemSynchronizedRootGroup section */
		D0BB7AE92EB51A290066D88B /* wordchef-ios */ = {
			isa = PBXFileSystemSynchronizedRootGroup;
			path = "wordchef-ios";
			sourceTree = "<group>";
		};
		D0BB7AF72EB51A2A0066D88B /* wordchef-iosTests */ = {
			isa = PBXFileSystemSynchronizedRootGroup;
			path = "wordchef-iosTests";
			sourceTree = "<group>";
		};
		D0BB7B012EB51A2A0066D88B /* wordchef-iosUITests */ = {
			isa = PBXFileSystemSynchronizedRootGroup;
			path = "wordchef-iosUITests";
			sourceTree = "<group>";
		};
/* End PBXFileSystemSynchronizedRootGroup section */

/* Begin PBXFrameworksBuildPhase section */
		D0BB7AE42EB51A290066D88B /* Frameworks */ = {
			isa = PBXFrameworksBuildPhase;
			buildActionMask = 2147483647;
			files = (
			);
			runOnlyForDeploymentPostprocessing = 0;
		};
		D0BB7AF12EB51A2A0066D88B /* Frameworks */ = {
			isa = PBXFrameworksBuildPhase;
			buildActionMask = 2147483647;
			files = (
			);
			runOnlyForDeploymentPostprocessing = 0;
		};
		D0BB7AFB2EB51A2A0066D88B /* Frameworks */ = {
			isa = PBXFrameworksBuildPhase;
			buildActionMask = 2147483647;
			files = (
			);
			runOnlyForDeploymentPostprocessing = 0;
		};
/* End PBXFrameworksBuildPhase section */

/* Begin PBXGroup section */
		D0BB7ADE2EB51A290066D88B = {
			isa = PBXGroup;
			children = (
				D0BB7AE92EB51A290066D88B /* wordchef-ios */,
				D0BB7AF72EB51A2A0066D88B /* wordchef-iosTests */,
				D0BB7B012EB51A2A0066D88B /* wordchef-iosUITests */,
				D0BB7AE82EB51A290066D88B /* Products */,
			);
			sourceTree = "<group>";
		};
		D0BB7AE82EB51A290066D88B /* Products */ = {
			isa = PBXGroup;
			children = (
				D0BB7AE72EB51A290066D88B /* wordchef-ios.app */,
				D0BB7AF42EB51A2A0066D88B /* wordchef-iosTests.xctest */,
				D0BB7AFE2EB51A2A0066D88B /* wordchef-iosUITests.xctest */,
			);
			name = Products;
			sourceTree = "<group>";
		};
/* End PBXGroup section */

/* Begin PBXNativeTarget section */
		D0BB7AE62EB51A290066D88B /* wordchef-ios */ = {
			isa = PBXNativeTarget;
			buildConfigurationList = D0BB7B082EB51A2A0066D88B /* Build configuration list for PBXNativeTarget "wordchef-ios" */;
			buildPhases = (
				D0BB7AE32EB51A290066D88B /* Sources */,
				D0BB7AE42EB51A290066D88B /* Frameworks */,
				D0BB7AE52EB51A290066D88B /* Resources */,
			);
			buildRules = (
			);
			dependencies = (
			);
			fileSystemSynchronizedGroups = (
				D0BB7AE92EB51A290066D88B /* wordchef-ios */,
			);
			name = "wordchef-ios";
			packageProductDependencies = (
			);
			productName = "wordchef-ios";
			productReference = D0BB7AE72EB51A290066D88B /* wordchef-ios.app */;
			productType = "com.apple.product-type.application";
		};
		D0BB7AF32EB51A2A0066D88B /* wordchef-iosTests */ = {
			isa = PBXNativeTarget;
			buildConfigurationList = D0BB7B0B2EB51A2A0066D88B /* Build configuration list for PBXNativeTarget "wordchef-iosTests" */;
			buildPhases = (
				D0BB7AF02EB51A2A0066D88B /* Sources */,
				D0BB7AF12EB51A2A0066D88B /* Frameworks */,
				D0BB7AF22EB51A2A0066D88B /* Resources */,
			);
			buildRules = (
			);
			dependencies = (
				D0BB7AF62EB51A2A0066D88B /* PBXTargetDependency */,
			);
			fileSystemSynchronizedGroups = (
				D0BB7AF72EB51A2A0066D88B /* wordchef-iosTests */,
			);
			name = "wordchef-iosTests";
			packageProductDependencies = (
			);
			productName = "wordchef-iosTests";
			productReference = D0BB7AF42EB51A2A0066D88B /* wordchef-iosTests.xctest */;
			productType = "com.apple.product-type.bundle.unit-test";
		};
		D0BB7AFD2EB51A2A0066D88B /* wordchef-iosUITests */ = {
			isa = PBXNativeTarget;
			buildConfigurationList = D0BB7B0E2EB51A2A0066D88B /* Build configuration list for PBXNativeTarget "wordchef-iosUITests" */;
			buildPhases = (
				D0BB7AFA2EB51A2A0066D88B /* Sources */,
				D0BB7AFB2EB51A2A0066D88B /* Frameworks */,
				D0BB7AFC2EB51A2A0066D88B /* Resources */,
			);
			buildRules = (
			);
			dependencies = (
				D0BB7B002EB51A2A0066D88B /* PBXTargetDependency */,
			);
			fileSystemSynchronizedGroups = (
				D0BB7B012EB51A2A0066D88B /* wordchef-iosUITests */,
			);
			name = "wordchef-iosUITests";
			packageProductDependencies = (
			);
			productName = "wordchef-iosUITests";
			productReference = D0BB7AFE2EB51A2A0066D88B /* wordchef-iosUITests.xctest */;
			productType = "com.apple.product-type.bundle.ui-testing";
		};
/* End PBXNativeTarget section */

/* Begin PBXProject section */
		D0BB7ADF2EB51A290066D88B /* Project object */ = {
			isa = PBXProject;
			attributes = {
				BuildIndependentTargetsInParallel = 1;
				LastSwiftUpdateCheck = 1630;
				LastUpgradeCheck = 2610;
				TargetAttributes = {
					D0BB7AE62EB51A290066D88B = {
						CreatedOnToolsVersion = 16.3;
					};
					D0BB7AF32EB51A2A0066D88B = {
						CreatedOnToolsVersion = 16.3;
						TestTargetID = D0BB7AE62EB51A290066D88B;
					};
					D0BB7AFD2EB51A2A0066D88B = {
						CreatedOnToolsVersion = 16.3;
						TestTargetID = D0BB7AE62EB51A290066D88B;
					};
				};
			};
			buildConfigurationList = D0BB7AE22EB51A290066D88B /* Build configuration list for PBXProject "wordchef-ios" */;
			developmentRegion = en;
			hasScannedForEncodings = 0;
			knownRegions = (
				en,
				Base,
			);
			mainGroup = D0BB7ADE2EB51A290066D88B;
			minimizedProjectReferenceProxies = 1;
			preferredProjectObjectVersion = 77;
			productRefGroup = D0BB7AE82EB51A290066D88B /* Products */;
			projectDirPath = "";
			projectRoot = "";
			targets = (
				D0BB7AE62EB51A290066D88B /* wordchef-ios */,
				D0BB7AF32EB51A2A0066D88B /* wordchef-iosTests */,
				D0BB7AFD2EB51A2A0066D88B /* wordchef-iosUITests */,
			);
		};
/* End PBXProject section */

/* Begin PBXResourcesBuildPhase section */
		D0BB7AE52EB51A290066D88B /* Resources */ = {
			isa = PBXResourcesBuildPhase;
			buildActionMask = 2147483647;
			files = (
			);
			runOnlyForDeploymentPostprocessing = 0;
		};
		D0BB7AF22EB51A2A0066D88B /* Resources */ = {
			isa = PBXResourcesBuildPhase;
			buildActionMask = 2147483647;
			files = (
			);
			runOnlyForDeploymentPostprocessing = 0;
		};
		D0BB7AFC2EB51A2A0066D88B /* Resources */ = {
			isa = PBXResourcesBuildPhase;
			buildActionMask = 2147483647;
			files = (
			);
			runOnlyForDeploymentPostprocessing = 0;
		};
/* End PBXResourcesBuildPhase section */

/* Begin PBXSourcesBuildPhase section */
		D0BB7AE32EB51A290066D88B /* Sources */ = {
			isa = PBXSourcesBuildPhase;
			buildActionMask = 2147483647;
			files = (
			);
			runOnlyForDeploymentPostprocessing = 0;
		};
		D0BB7AF02EB51A2A0066D88B /* Sources */ = {
			isa = PBXSourcesBuildPhase;
			buildActionMask = 2147483647;
			files = (
			);
			runOnlyForDeploymentPostprocessing = 0;
		};
		D0BB7AFA2EB51A2A0066D88B /* Sources */ = {
			isa = PBXSourcesBuildPhase;
			buildActionMask = 2147483647;
			files = (
			);
			runOnlyForDeploymentPostprocessing = 0;
		};
/* End PBXSourcesBuildPhase section */

/* Begin PBXTargetDependency section */
		D0BB7AF62EB51A2A0066D88B /* PBXTargetDependency */ = {
			isa = PBXTargetDependency;
			target = D0BB7AE62EB51A290066D88B /* wordchef-ios */;
			targetProxy = D0BB7AF52EB51A2A0066D88B /* PBXContainerItemProxy */;
		};
		D0BB7B002EB51A2A0066D88B /* PBXTargetDependency */ = {
			isa = PBXTargetDependency;
			target = D0BB7AE62EB51A290066D88B /* wordchef-ios */;
			targetProxy = D0BB7AFF2EB51A2A0066D88B /* PBXContainerItemProxy */;
		};
/* End PBXTargetDependency section */

/* Begin XCBuildConfiguration section */
		D0BB7B062EB51A2A0066D88B /* Debug */ = {
			isa = XCBuildConfiguration;
			buildSettings = {
				ALWAYS_SEARCH_USER_PATHS = NO;
				ASSETCATALOG_COMPILER_GENERATE_SWIFT_ASSET_SYMBOL_EXTENSIONS = YES;
				CLANG_ANALYZER_NONNULL = YES;
				CLANG_ANALYZER_NUMBER_OBJECT_CONVERSION = YES_AGGRESSIVE;
				CLANG_CXX_LANGUAGE_STANDARD = "gnu++20";
				CLANG_ENABLE_MODULES = YES;
				CLANG_ENABLE_OBJC_ARC = YES;
				CLANG_ENABLE_OBJC_WEAK = YES;
				CLANG_WARN_BLOCK_CAPTURE_AUTORELEASING = YES;
				CLANG_WARN_BOOL_CONVERSION = YES;
				CLANG_WARN_COMMA = YES;
				CLANG_WARN_CONSTANT_CONVERSION = YES;
				CLANG_WARN_DEPRECATED_OBJC_IMPLEMENTATIONS = YES;
				CLANG_WARN_DIRECT_OBJC_ISA_USAGE = YES_ERROR;
				CLANG_WARN_DOCUMENTATION_COMMENTS = YES;
				CLANG_WARN_EMPTY_BODY = YES;
				CLANG_WARN_ENUM_CONVERSION = YES;
				CLANG_WARN_INFINITE_RECURSION = YES;
				CLANG_WARN_INT_CONVERSION = YES;
				CLANG_WARN_NON_LITERAL_NULL_CONVERSION = YES;
				CLANG_WARN_OBJC_IMPLICIT_RETAIN_SELF = YES;
				CLANG_WARN_OBJC_LITERAL_CONVERSION = YES;
				CLANG_WARN_OBJC_ROOT_CLASS = YES_ERROR;
				CLANG_WARN_QUOTED_INCLUDE_IN_FRAMEWORK_HEADER = YES;
				CLANG_WARN_RANGE_LOOP_ANALYSIS = YES;
				CLANG_WARN_STRICT_PROTOTYPES = YES;
				CLANG_WARN_SUSPICIOUS_MOVE = YES;
				CLANG_WARN_UNGUARDED_AVAILABILITY = YES_AGGRESSIVE;
				CLANG_WARN_UNREACHABLE_CODE = YES;
				CLANG_WARN__DUPLICATE_METHOD_MATCH = YES;
				COPY_PHASE_STRIP = NO;
				DEBUG_INFORMATION_FORMAT = dwarf;
				ENABLE_STRICT_OBJC_MSGSEND = YES;
				ENABLE_TESTABILITY = YES;
				ENABLE_USER_SCRIPT_SANDBOXING = YES;
				GCC_C_LANGUAGE_STANDARD = gnu17;
				GCC_DYNAMIC_NO_PIC = NO;
				GCC_NO_COMMON_BLOCKS = YES;
				GCC_OPTIMIZATION_LEVEL = 0;
				GCC_PREPROCESSOR_DEFINITIONS = (
					"DEBUG=1",
					"$(inherited)",
				);
				GCC_WARN_64_TO_32_BIT_CONVERSION = YES;
				GCC_WARN_ABOUT_RETURN_TYPE = YES_ERROR;
				GCC_WARN_UNDECLARED_SELECTOR = YES;
				GCC_WARN_UNINITIALIZED_AUTOS = YES_AGGRESSIVE;
				GCC_WARN_UNUSED_FUNCTION = YES;
				GCC_WARN_UNUSED_VARIABLE = YES;
				IPHONEOS_DEPLOYMENT_TARGET = 18.4;
				LOCALIZATION_PREFERS_STRING_CATALOGS = YES;
				MTL_ENABLE_DEBUG_INFO = INCLUDE_SOURCE;
				MTL_FAST_MATH = YES;
				ONLY_ACTIVE_ARCH = YES;
				SDKROOT = iphoneos;
				STRING_CATALOG_GENERATE_SYMBOLS = YES;
				SWIFT_ACTIVE_COMPILATION_CONDITIONS = "DEBUG $(inherited)";
				SWIFT_OPTIMIZATION_LEVEL = "-Onone";
			};
			name = Debug;
		};
		D0BB7B072EB51A2A0066D88B /* Release */ = {
			isa = XCBuildConfiguration;
			buildSettings = {
				ALWAYS_SEARCH_USER_PATHS = NO;
				ASSETCATALOG_COMPILER_GENERATE_SWIFT_ASSET_SYMBOL_EXTENSIONS = YES;
				CLANG_ANALYZER_NONNULL = YES;
				CLANG_ANALYZER_NUMBER_OBJECT_CONVERSION = YES_AGGRESSIVE;
				CLANG_CXX_LANGUAGE_STANDARD = "gnu++20";
				CLANG_ENABLE_MODULES = YES;
				CLANG_ENABLE_OBJC_ARC = YES;
				CLANG_ENABLE_OBJC_WEAK = YES;
				CLANG_WARN_BLOCK_CAPTURE_AUTORELEASING = YES;
				CLANG_WARN_BOOL_CONVERSION = YES;
				CLANG_WARN_COMMA = YES;
				CLANG_WARN_CONSTANT_CONVERSION = YES;
				CLANG_WARN_DEPRECATED_OBJC_IMPLEMENTATIONS = YES;
				CLANG_WARN_DIRECT_OBJC_ISA_USAGE = YES_ERROR;
				CLANG_WARN_DOCUMENTATION_COMMENTS = YES;
				CLANG_WARN_EMPTY_BODY = YES;
				CLANG_WARN_ENUM_CONVERSION = YES;
				CLANG_WARN_INFINITE_RECURSION = YES;
				CLANG_WARN_INT_CONVERSION = YES;
				CLANG_WARN_NON_LITERAL_NULL_CONVERSION = YES;
				CLANG_WARN_OBJC_IMPLICIT_RETAIN_SELF = YES;
				CLANG_WARN_OBJC_LITERAL_CONVERSION = YES;
				CLANG_WARN_OBJC_ROOT_CLASS = YES_ERROR;
				CLANG_WARN_QUOTED_INCLUDE_IN_FRAMEWORK_HEADER = YES;
				CLANG_WARN_RANGE_LOOP_ANALYSIS = YES;
				CLANG_WARN_STRICT_PROTOTYPES = YES;
				CLANG_WARN_SUSPICIOUS_MOVE = YES;
				CLANG_WARN_UNGUARDED_AVAILABILITY = YES_AGGRESSIVE;
				CLANG_WARN_UNREACHABLE_CODE = YES;
				CLANG_WARN__DUPLICATE_METHOD_MATCH = YES;
				COPY_PHASE_STRIP = NO;
				DEBUG_INFORMATION_FORMAT = "dwarf-with-dsym";
				ENABLE_NS_ASSERTIONS = NO;
				ENABLE_STRICT_OBJC_MSGSEND = YES;
				ENABLE_USER_SCRIPT_SANDBOXING = YES;
				GCC_C_LANGUAGE_STANDARD = gnu17;
				GCC_NO_COMMON_BLOCKS = YES;
				GCC_WARN_64_TO_32_BIT_CONVERSION = YES;
				GCC_WARN_ABOUT_RETURN_TYPE = YES_ERROR;
				GCC_WARN_UNDECLARED_SELECTOR = YES;
				GCC_WARN_UNINITIALIZED_AUTOS = YES_AGGRESSIVE;
				GCC_WARN_UNUSED_FUNCTION = YES;
				GCC_WARN_UNUSED_VARIABLE = YES;
				IPHONEOS_DEPLOYMENT_TARGET = 18.4;
				LOCALIZATION_PREFERS_STRING_CATALOGS = YES;
				MTL_ENABLE_DEBUG_INFO = NO;
				MTL_FAST_MATH = YES;
				SDKROOT = iphoneos;
				STRING_CATALOG_GENERATE_SYMBOLS = YES;
				SWIFT_COMPILATION_MODE = wholemodule;
				VALIDATE_PRODUCT = YES;
			};
			name = Release;
		};
		D0BB7B092EB51A2A0066D88B /* Debug */ = {
			isa = XCBuildConfiguration;
			buildSettings = {
				ASSETCATALOG_COMPILER_APPICON_NAME = AppIcon;
				ASSETCATALOG_COMPILER_GLOBAL_ACCENT_COLOR_NAME = AccentColor;
				CODE_SIGN_STYLE = Automatic;
				CURRENT_PROJECT_VERSION = 1;
				ENABLE_PREVIEWS = YES;
				GENERATE_INFOPLIST_FILE = YES;
				INFOPLIST_KEY_UIApplicationSceneManifest_Generation = YES;
				INFOPLIST_KEY_UIApplicationSupportsIndirectInputEvents = YES;
				INFOPLIST_KEY_UILaunchScreen_Generation = YES;
				INFOPLIST_KEY_UISupportedInterfaceOrientations_iPad = "UIInterfaceOrientationPortrait UIInterfaceOrientationPortraitUpsideDown UIInterfaceOrientationLandscapeLeft UIInterfaceOrientationLandscapeRight";
				INFOPLIST_KEY_UISupportedInterfaceOrientations_iPhone = "UIInterfaceOrientationPortrait UIInterfaceOrientationLandscapeLeft UIInterfaceOrientationLandscapeRight";
				LD_RUNPATH_SEARCH_PATHS = (
					"$(inherited)",
					"@executable_path/Frameworks",
				);
				MARKETING_VERSION = 1.0;
				PRODUCT_BUNDLE_IDENTIFIER = "jacksonwalters.wordchef-ios";
				PRODUCT_NAME = "$(TARGET_NAME)";
				SWIFT_EMIT_LOC_STRINGS = YES;
				SWIFT_VERSION = 5.0;
				TARGETED_DEVICE_FAMILY = "1,2";
			};
			name = Debug;
		};
		D0BB7B0A2EB51A2A0066D88B /* Release */ = {
			isa = XCBuildConfiguration;
			buildSettings = {
				ASSETCATALOG_COMPILER_APPICON_NAME = AppIcon;
				ASSETCATALOG_COMPILER_GLOBAL_ACCENT_COLOR_NAME = AccentColor;
				CODE_SIGN_STYLE = Automatic;
				CURRENT_PROJECT_VERSION = 1;
				ENABLE_PREVIEWS = YES;
				GENERATE_INFOPLIST_FILE = YES;
				INFOPLIST_KEY_UIApplicationSceneManifest_Generation = YES;
				INFOPLIST_KEY_UIApplicationSupportsIndirectInputEvents = YES;
				INFOPLIST_KEY_UILaunchScreen_Generation = YES;
				INFOPLIST_KEY_UISupportedInterfaceOrientations_iPad = "UIInterfaceOrientationPortrait UIInterfaceOrientationPortraitUpsideDown UIInterfaceOrientationLandscapeLeft UIInterfaceOrientationLandscapeRight";
				INFOPLIST_KEY_UISupportedInterfaceOrientations_iPhone = "UIInterfaceOrientationPortrait UIInterfaceOrientationLandscapeLeft UIInterfaceOrientationLandscapeRight";
				LD_RUNPATH_SEARCH_PATHS = (
					"$(inherited)",
					"@executable_path/Frameworks",
				);
				MARKETING_VERSION = 1.0;
				PRODUCT_BUNDLE_IDENTIFIER = "jacksonwalters.wordchef-ios";
				PRODUCT_NAME = "$(TARGET_NAME)";
				SWIFT_EMIT_LOC_STRINGS = YES;
				SWIFT_VERSION = 5.0;
				TARGETED_DEVICE_FAMILY = "1,2";
			};
			name = Release;
		};
		D0BB7B0C2EB51A2A0066D88B /* Debug */ = {
			isa = XCBuildConfiguration;
			buildSettings = {
				BUNDLE_LOADER = "$(TEST_HOST)";
				CODE_SIGN_STYLE = Automatic;
				CURRENT_PROJECT_VERSION = 1;
				GENERATE_INFOPLIST_FILE = YES;
				IPHONEOS_DEPLOYMENT_TARGET = 18.4;
				MARKETING_VERSION = 1.0;
				PRODUCT_BUNDLE_IDENTIFIER = "jacksonwalters.wordchef-iosTests";
				PRODUCT_NAME = "$(TARGET_NAME)";
				SWIFT_EMIT_LOC_STRINGS = NO;
				SWIFT_VERSION = 5.0;
				TARGETED_DEVICE_FAMILY = "1,2";
				TEST_HOST = "$(BUILT_PRODUCTS_DIR)/wordchef-ios.app/$(BUNDLE_EXECUTABLE_FOLDER_PATH)/wordchef-ios";
			};
			name = Debug;
		};
		D0BB7B0D2EB51A2A0066D88B /* Release */ = {
			isa = XCBuildConfiguration;
			buildSettings = {
				BUNDLE_LOADER = "$(TEST_HOST)";
				CODE_SIGN_STYLE = Automatic;
				CURRENT_PROJECT_VERSION = 1;
				GENERATE_INFOPLIST_FILE = YES;
				IPHONEOS_DEPLOYMENT_TARGET = 18.4;
				MARKETING_VERSION = 1.0;
				PRODUCT_BUNDLE_IDENTIFIER = "jacksonwalters.wordchef-iosTests";
				PRODUCT_NAME = "$(TARGET_NAME)";
				SWIFT_EMIT_LOC_STRINGS = NO;
				SWIFT_VERSION = 5.0;
				TARGETED_DEVICE_FAMILY = "1,2";
				TEST_HOST = "$(BUILT_PRODUCTS_DIR)/wordchef-ios.app/$(BUNDLE_EXECUTABLE_FOLDER_PATH)/wordchef-ios";
			};
			name = Release;
		};
		D0BB7B0F2EB51A2A0066D88B /* Debug */ = {
			isa = XCBuildConfiguration;
			buildSettings = {
				CODE_SIGN_STYLE = Automatic;
				CURRENT_PROJECT_VERSION = 1;
				GENERATE_INFOPLIST_FILE = YES;
				MARKETING_VERSION = 1.0;
				PRODUCT_BUNDLE_IDENTIFIER = "jacksonwalters.wordchef-iosUITests";
				PRODUCT_NAME = "$(TARGET_NAME)";
				SWIFT_EMIT_LOC_STRINGS = NO;
				SWIFT_VERSION = 5.0;
				TARGETED_DEVICE_FAMILY = "1,2";
				TEST_TARGET_NAME = "wordchef-ios";
			};
			name = Debug;
		};
		D0BB7B102EB51A2A0066D88B /* Release */ = {
			isa = XCBuildConfiguration;
			buildSettings = {
				CODE_SIGN_STYLE = Automatic;
				CURRENT_PROJECT_VERSION = 1;
				GENERATE_INFOPLIST_FILE = YES;
				MARKETING_VERSION = 1.0;
				PRODUCT_BUNDLE_IDENTIFIER = "jacksonwalters.wordchef-iosUITests";
				PRODUCT_NAME = "$(TARGET_NAME)";
				SWIFT_EMIT_LOC_STRINGS = NO;
				SWIFT_VERSION = 5.0;
				TARGETED_DEVICE_FAMILY = "1,2";
				TEST_TARGET_NAME = "wordchef-ios";
			};
			name = Release;
		};
/* End XCBuildConfiguration section */

/* Begin XCConfigurationList section */
		D0BB7AE22EB51A290066D88B /* Build configuration list for PBXProject "wordchef-ios" */ = {
			isa = XCConfigurationList;
			buildConfigurations = (
				D0BB7B062EB51A2A0066D88B /* Debug */,
				D0BB7B072EB51A2A0066D88B /* Release */,
			);
			defaultConfigurationIsVisible = 0;
			defaultConfigurationName = Release;
		};
		D0BB7B082EB51A2A0066D88B /* Build configuration list for PBXNativeTarget "wordchef-ios" */ = {
			isa = XCConfigurationList;
			buildConfigurations = (
				D0BB7B092EB51A2A0066D88B /* Debug */,
				D0BB7B0A2EB51A2A0066D88B /* Release */,
			);
			defaultConfigurationIsVisible = 0;
			defaultConfigurationName = Release;
		};
		D0BB7B0B2EB51A2A0066D88B /* Build configuration list for PBXNativeTarget "wordchef-iosTests" */ = {
			isa = XCConfigurationList;
			buildConfigurations = (
				D0BB7B0C2EB51A2A0066D88B /* Debug */,
				D0BB7B0D2EB51A2A0066D88B /* Release */,
			);
			defaultConfigurationIsVisible = 0;
			defaultConfigurationName = Release;
		};
		D0BB7B0E2EB51A2A0066D88B /* Build configuration list for PBXNativeTarget "wordchef-iosUITests" */ = {
			isa = XCConfigurationList;
			buildConfigurations = (
				D0BB7B0F2EB51A2A0066D88B /* Debug */,
				D0BB7B102EB51A2A0066D88B /* Release */,
			);
			defaultConfigurationIsVisible = 0;
			defaultConfigurationName = Release;
		};
/* End XCConfigurationList section */
	};
	rootObject = D0BB7ADF2EB51A290066D88B /* Project object */;
}
